{
    "version": 3,
    "terraform_version": "0.10.0",
    "serial": 3,
    "lineage": "8958af89-395b-44df-b53e-fe8142569ad6",
    "modules": [
        {
            "path": [
                "root"
            ],
            "outputs": {},
            "resources": {
                "aws_db_subnet_group.default": {
                    "type": "aws_db_subnet_group",
                    "depends_on": [
                        "aws_subnet.public1",
                        "aws_subnet.public2"
                    ],
                    "primary": {
                        "id": "dnl-rcon",
                        "attributes": {
                            "arn": "arn:aws:rds:eu-west-1:297089873106:subgrp:dnl-rcon",
                            "description": "Managed by Terraform",
                            "id": "dnl-rcon",
                            "name": "dnl-rcon",
                            "subnet_ids.#": "2",
                            "subnet_ids.1583425519": "subnet-b76caeec",
                            "subnet_ids.2580154035": "subnet-357af47c",
                            "tags.%": "0"
                        },
                        "meta": {},
                        "tainted": false
                    },
                    "deposed": [],
                    "provider": ""
                },
                "aws_elastic_beanstalk_application.dnl-rcon": {
                    "type": "aws_elastic_beanstalk_application",
                    "depends_on": [],
                    "primary": {
                        "id": "dnl-rcon",
                        "attributes": {
                            "description": "",
                            "id": "dnl-rcon",
                            "name": "dnl-rcon"
                        },
                        "meta": {},
                        "tainted": false
                    },
                    "deposed": [],
                    "provider": ""
                },
                "aws_iam_policy_attachment.attach_beanstalk_role": {
                    "type": "aws_iam_policy_attachment",
                    "depends_on": [
                        "aws_iam_role.beanstalk_instance_profile_role"
                    ],
                    "primary": {
                        "id": "attach_beanstalk_role",
                        "attributes": {
                            "groups.#": "0",
                            "id": "attach_beanstalk_role",
                            "name": "attach_beanstalk_role",
                            "policy_arn": "arn:aws:iam::aws:policy/AWSElasticBeanstalkMulticontainerDocker",
                            "roles.#": "3",
                            "roles.323212897": "aws-elasticbeanstalk-ec2-role",
                            "roles.3763902334": "dnl-rcon-beanstalk_instance_profile_role",
                            "roles.386000967": "beanstalk_instance_profile_role",
                            "users.#": "0"
                        },
                        "meta": {},
                        "tainted": false
                    },
                    "deposed": [],
                    "provider": ""
                },
                "aws_iam_policy_attachment.attach_beanstalk_role_web_tier": {
                    "type": "aws_iam_policy_attachment",
                    "depends_on": [
                        "aws_iam_role.beanstalk_instance_profile_role"
                    ],
                    "primary": {
                        "id": "attach_beanstalk_role",
                        "attributes": {
                            "groups.#": "0",
                            "id": "attach_beanstalk_role",
                            "name": "attach_beanstalk_role",
                            "policy_arn": "arn:aws:iam::aws:policy/AWSElasticBeanstalkWebTier",
                            "roles.#": "3",
                            "roles.323212897": "aws-elasticbeanstalk-ec2-role",
                            "roles.3763902334": "dnl-rcon-beanstalk_instance_profile_role",
                            "roles.386000967": "beanstalk_instance_profile_role",
                            "users.#": "0"
                        },
                        "meta": {},
                        "tainted": false
                    },
                    "deposed": [],
                    "provider": ""
                },
                "aws_iam_role.beanstalk_instance_profile_role": {
                    "type": "aws_iam_role",
                    "depends_on": [],
                    "primary": {
                        "id": "dnl-rcon-beanstalk_instance_profile_role",
                        "attributes": {
                            "arn": "arn:aws:iam::297089873106:role/dnl-rcon-beanstalk_instance_profile_role",
                            "assume_role_policy": "{\"Version\":\"2012-10-17\",\"Statement\":[{\"Effect\":\"Allow\",\"Principal\":{\"Service\":\"ec2.amazonaws.com\"},\"Action\":\"sts:AssumeRole\"}]}",
                            "create_date": "2017-08-11T00:47:29Z",
                            "force_detach_policies": "false",
                            "id": "dnl-rcon-beanstalk_instance_profile_role",
                            "name": "dnl-rcon-beanstalk_instance_profile_role",
                            "path": "/",
                            "unique_id": "AROAI7IZTS3GFUTDPFL3I"
                        },
                        "meta": {},
                        "tainted": false
                    },
                    "deposed": [],
                    "provider": ""
                },
                "aws_iam_role.codepipeline_role": {
                    "type": "aws_iam_role",
                    "depends_on": [],
                    "primary": {
                        "id": "dnl-rcon-codepipeline_role",
                        "attributes": {
                            "arn": "arn:aws:iam::297089873106:role/dnl-rcon-codepipeline_role",
                            "assume_role_policy": "{\"Version\":\"2012-10-17\",\"Statement\":[{\"Effect\":\"Allow\",\"Principal\":{\"Service\":\"codepipeline.amazonaws.com\"},\"Action\":\"sts:AssumeRole\"}]}",
                            "create_date": "2017-08-11T00:47:29Z",
                            "force_detach_policies": "false",
                            "id": "dnl-rcon-codepipeline_role",
                            "name": "dnl-rcon-codepipeline_role",
                            "path": "/",
                            "unique_id": "AROAIOPJR2GBBVMN4LPNG"
                        },
                        "meta": {},
                        "tainted": false
                    },
                    "deposed": [],
                    "provider": ""
                },
                "aws_iam_role_policy.codepipeline_policy": {
                    "type": "aws_iam_role_policy",
                    "depends_on": [
                        "aws_iam_role.codepipeline_role"
                    ],
                    "primary": {
                        "id": "dnl-rcon-codepipeline_role:codepipeline_policy",
                        "attributes": {
                            "id": "dnl-rcon-codepipeline_role:codepipeline_policy",
                            "name": "codepipeline_policy",
                            "policy": "{\n  \"Version\": \"2012-10-17\",\n  \"Statement\": [\n      {\n          \"Action\": [\n              \"s3:GetObject\",\n              \"s3:GetObjectVersion\",\n              \"s3:GetBucketVersioning\"\n          ],\n          \"Resource\": \"*\",\n          \"Effect\": \"Allow\"\n      },\n      {\n          \"Action\": [\n              \"s3:PutObject\"\n          ],\n          \"Resource\": [\n              \"arn:aws:s3:::codepipeline*\",\n              \"arn:aws:s3:::elasticbeanstalk*\"\n          ],\n          \"Effect\": \"Allow\"\n      },\n      {\n          \"Action\": [\n              \"codecommit:CancelUploadArchive\",\n              \"codecommit:GetBranch\",\n              \"codecommit:GetCommit\",\n              \"codecommit:GetUploadArchiveStatus\",\n              \"codecommit:UploadArchive\"\n          ],\n          \"Resource\": \"*\",\n          \"Effect\": \"Allow\"\n      },\n      {\n          \"Action\": [\n              \"codedeploy:CreateDeployment\",\n              \"codedeploy:GetApplicationRevision\",\n              \"codedeploy:GetDeployment\",\n              \"codedeploy:GetDeploymentConfig\",\n              \"codedeploy:RegisterApplicationRevision\"\n          ],\n          \"Resource\": \"*\",\n          \"Effect\": \"Allow\"\n      },\n      {\n          \"Action\": [\n              \"elasticbeanstalk:*\",\n              \"ec2:*\",\n              \"elasticloadbalancing:*\",\n              \"autoscaling:*\",\n              \"cloudwatch:*\",\n              \"s3:*\",\n              \"sns:*\",\n              \"cloudformation:*\",\n              \"rds:*\",\n              \"sqs:*\",\n              \"ecs:*\",\n              \"iam:PassRole\"\n          ],\n          \"Resource\": \"*\",\n          \"Effect\": \"Allow\"\n      },\n      {\n          \"Action\": [\n              \"lambda:InvokeFunction\",\n              \"lambda:ListFunctions\"\n          ],\n          \"Resource\": \"*\",\n          \"Effect\": \"Allow\"\n      },\n      {\n          \"Action\": [\n              \"opsworks:CreateDeployment\",\n              \"opsworks:DescribeApps\",\n              \"opsworks:DescribeCommands\",\n              \"opsworks:DescribeDeployments\",\n              \"opsworks:DescribeInstances\",\n              \"opsworks:DescribeStacks\",\n              \"opsworks:UpdateApp\",\n              \"opsworks:UpdateStack\"\n          ],\n          \"Resource\": \"*\",\n          \"Effect\": \"Allow\"\n      },\n      {\n          \"Action\": [\n              \"cloudformation:CreateStack\",\n              \"cloudformation:DeleteStack\",\n              \"cloudformation:DescribeStacks\",\n              \"cloudformation:UpdateStack\",\n              \"cloudformation:CreateChangeSet\",\n              \"cloudformation:DeleteChangeSet\",\n              \"cloudformation:DescribeChangeSet\",\n              \"cloudformation:ExecuteChangeSet\",\n              \"cloudformation:SetStackPolicy\",\n              \"cloudformation:ValidateTemplate\",\n              \"iam:PassRole\"\n          ],\n          \"Resource\": \"*\",\n          \"Effect\": \"Allow\"\n      },\n      {\n          \"Action\": [\n              \"codebuild:BatchGetBuilds\",\n              \"codebuild:StartBuild\"\n          ],\n          \"Resource\": \"*\",\n          \"Effect\": \"Allow\"\n      }\n  ]\n}\n",
                            "role": "dnl-rcon-codepipeline_role"
                        },
                        "meta": {},
                        "tainted": false
                    },
                    "deposed": [],
                    "provider": ""
                },
                "aws_internet_gateway.gw": {
                    "type": "aws_internet_gateway",
                    "depends_on": [
                        "aws_vpc.main"
                    ],
                    "primary": {
                        "id": "igw-e7597483",
                        "attributes": {
                            "id": "igw-e7597483",
                            "tags.%": "0",
                            "vpc_id": "vpc-7a75fa1d"
                        },
                        "meta": {},
                        "tainted": false
                    },
                    "deposed": [],
                    "provider": ""
                },
                "aws_route_table.public-route-table": {
                    "type": "aws_route_table",
                    "depends_on": [
                        "aws_internet_gateway.gw",
                        "aws_vpc.main"
                    ],
                    "primary": {
                        "id": "rtb-91b35af7",
                        "attributes": {
                            "id": "rtb-91b35af7",
                            "propagating_vgws.#": "0",
                            "route.#": "1",
                            "route.26863084.cidr_block": "0.0.0.0/0",
                            "route.26863084.egress_only_gateway_id": "",
                            "route.26863084.gateway_id": "igw-e7597483",
                            "route.26863084.instance_id": "",
                            "route.26863084.ipv6_cidr_block": "",
                            "route.26863084.nat_gateway_id": "",
                            "route.26863084.network_interface_id": "",
                            "route.26863084.vpc_peering_connection_id": "",
                            "tags.%": "0",
                            "vpc_id": "vpc-7a75fa1d"
                        },
                        "meta": {},
                        "tainted": false
                    },
                    "deposed": [],
                    "provider": ""
                },
                "aws_route_table_association.public1-route-table-association": {
                    "type": "aws_route_table_association",
                    "depends_on": [
                        "aws_route_table.public-route-table",
                        "aws_subnet.public1"
                    ],
                    "primary": {
                        "id": "rtbassoc-ed4f548b",
                        "attributes": {
                            "id": "rtbassoc-ed4f548b",
                            "route_table_id": "rtb-91b35af7",
                            "subnet_id": "subnet-357af47c"
                        },
                        "meta": {},
                        "tainted": false
                    },
                    "deposed": [],
                    "provider": ""
                },
                "aws_route_table_association.public2-route-table-association": {
                    "type": "aws_route_table_association",
                    "depends_on": [
                        "aws_route_table.public-route-table",
                        "aws_subnet.public2"
                    ],
                    "primary": {
                        "id": "rtbassoc-5949523f",
                        "attributes": {
                            "id": "rtbassoc-5949523f",
                            "route_table_id": "rtb-91b35af7",
                            "subnet_id": "subnet-b76caeec"
                        },
                        "meta": {},
                        "tainted": false
                    },
                    "deposed": [],
                    "provider": ""
                },
                "aws_s3_bucket.foo": {
                    "type": "aws_s3_bucket",
                    "depends_on": [],
                    "primary": {
                        "id": "dnl-rcon-codepipeline-bucket",
                        "attributes": {
                            "acceleration_status": "",
                            "acl": "private",
                            "arn": "arn:aws:s3:::dnl-rcon-codepipeline-bucket",
                            "bucket": "dnl-rcon-codepipeline-bucket",
                            "bucket_domain_name": "dnl-rcon-codepipeline-bucket.s3.amazonaws.com",
                            "force_destroy": "false",
                            "hosted_zone_id": "Z1BKCTXD74EZPE",
                            "id": "dnl-rcon-codepipeline-bucket",
                            "logging.#": "0",
                            "region": "eu-west-1",
                            "request_payer": "BucketOwner",
                            "tags.%": "0",
                            "versioning.#": "1",
                            "versioning.0.enabled": "false",
                            "versioning.0.mfa_delete": "false",
                            "website.#": "0"
                        },
                        "meta": {},
                        "tainted": false
                    },
                    "deposed": [],
                    "provider": ""
                },
                "aws_security_group.database": {
                    "type": "aws_security_group",
                    "depends_on": [
                        "aws_vpc.main"
                    ],
                    "primary": {
                        "id": "sg-7ec85806",
                        "attributes": {
                            "description": "Security group for database",
                            "egress.#": "0",
                            "id": "sg-7ec85806",
                            "ingress.#": "1",
                            "ingress.2938088484.cidr_blocks.#": "1",
                            "ingress.2938088484.cidr_blocks.0": "10.0.0.0/16",
                            "ingress.2938088484.from_port": "3306",
                            "ingress.2938088484.ipv6_cidr_blocks.#": "0",
                            "ingress.2938088484.protocol": "tcp",
                            "ingress.2938088484.security_groups.#": "0",
                            "ingress.2938088484.self": "false",
                            "ingress.2938088484.to_port": "3306",
                            "name": "database",
                            "owner_id": "297089873106",
                            "tags.%": "0",
                            "vpc_id": "vpc-7a75fa1d"
                        },
                        "meta": {},
                        "tainted": false
                    },
                    "deposed": [],
                    "provider": ""
                },
                "aws_subnet.public1": {
                    "type": "aws_subnet",
                    "depends_on": [
                        "aws_vpc.main"
                    ],
                    "primary": {
                        "id": "subnet-357af47c",
                        "attributes": {
                            "assign_ipv6_address_on_creation": "false",
                            "availability_zone": "eu-west-1a",
                            "cidr_block": "10.0.1.0/24",
                            "id": "subnet-357af47c",
                            "map_public_ip_on_launch": "true",
                            "tags.%": "0",
                            "vpc_id": "vpc-7a75fa1d"
                        },
                        "meta": {
                            "schema_version": "1"
                        },
                        "tainted": false
                    },
                    "deposed": [],
                    "provider": ""
                },
                "aws_subnet.public2": {
                    "type": "aws_subnet",
                    "depends_on": [
                        "aws_vpc.main"
                    ],
                    "primary": {
                        "id": "subnet-b76caeec",
                        "attributes": {
                            "assign_ipv6_address_on_creation": "false",
                            "availability_zone": "eu-west-1b",
                            "cidr_block": "10.0.5.0/24",
                            "id": "subnet-b76caeec",
                            "map_public_ip_on_launch": "true",
                            "tags.%": "0",
                            "vpc_id": "vpc-7a75fa1d"
                        },
                        "meta": {
                            "schema_version": "1"
                        },
                        "tainted": false
                    },
                    "deposed": [],
                    "provider": ""
                },
                "aws_vpc.main": {
                    "type": "aws_vpc",
                    "depends_on": [],
                    "primary": {
                        "id": "vpc-7a75fa1d",
                        "attributes": {
                            "assign_generated_ipv6_cidr_block": "false",
                            "cidr_block": "10.0.0.0/16",
                            "default_network_acl_id": "acl-c71c46a0",
                            "default_route_table_id": "rtb-3cb25b5a",
                            "default_security_group_id": "sg-3acc5c42",
                            "dhcp_options_id": "dopt-62a44807",
                            "enable_classiclink": "false",
                            "enable_classiclink_dns_support": "false",
                            "enable_dns_hostnames": "false",
                            "enable_dns_support": "true",
                            "id": "vpc-7a75fa1d",
                            "instance_tenancy": "default",
                            "main_route_table_id": "rtb-3cb25b5a",
                            "tags.%": "0"
                        },
                        "meta": {
                            "schema_version": "1"
                        },
                        "tainted": false
                    },
                    "deposed": [],
                    "provider": ""
                }
            },
            "depends_on": []
        }
    ]
}
